
Microsoft Visual Studio Solution File, Format Version 12.00
# Visual Studio 15
VisualStudioVersion = 15.0.28307.902
MinimumVisualStudioVersion = 10.0.40219.1
Project("{FAE04EC0-301F-11D3-BF4B-00C04F79EFBC}") = "OnlineShop", "OnlineShop\OnlineShop.csproj", "{1B80A507-553C-4159-8D54-81DD32A2B2D6}"
EndProject
Project("{FAE04EC0-301F-11D3-BF4B-00C04F79EFBC}") = "OnlineShop.Tests", "OnlineShop.Tests\OnlineShop.Tests.csproj", "{F6DB74A5-8347-4086-A3E8-CB7AE26001C7}"
EndProject
Global
	GlobalSection(SolutionConfigurationPlatforms) = preSolution
		Debug|Any CPU = Debug|Any CPU
		Release|Any CPU = Release|Any CPU
	EndGlobalSection
	GlobalSection(ProjectConfigurationPlatforms) = postSolution
		{1B80A507-553C-4159-8D54-81DD32A2B2D6}.Debug|Any CPU.ActiveCfg = Debug|Any CPU
		{1B80A507-553C-4159-8D54-81DD32A2B2D6}.Debug|Any CPU.Build.0 = Debug|Any CPU
		{1B80A507-553C-4159-8D54-81DD32A2B2D6}.Release|Any CPU.ActiveCfg = Release|Any CPU
		{1B80A507-553C-4159-8D54-81DD32A2B2D6}.Release|Any CPU.Build.0 = Release|Any CPU
		{F6DB74A5-8347-4086-A3E8-CB7AE26001C7}.Debug|Any CPU.ActiveCfg = Debug|Any CPU
		{F6DB74A5-8347-4086-A3E8-CB7AE26001C7}.Debug|Any CPU.Build.0 = Debug|Any CPU
		{F6DB74A5-8347-4086-A3E8-CB7AE26001C7}.Release|Any CPU.ActiveCfg = Release|Any CPU
		{F6DB74A5-8347-4086-A3E8-CB7AE26001C7}.Release|Any CPU.Build.0 = Release|Any CPU
	EndGlobalSection
	GlobalSection(SolutionProperties) = preSolution
		HideSolutionNode = FALSE
	EndGlobalSection
	GlobalSection(ExtensibilityGlobals) = postSolution
		SolutionGuid = {848C35C2-2184-4C9C-8F79-3109B465F5A2}
	EndGlobalSection
EndGlobal
